
Microsoft Visual Studio Solution File, Format Version 12.00
# Visual Studio Version 17
VisualStudioVersion = 17.13.35806.99 d17.13
MinimumVisualStudioVersion = 10.0.40219.1
Project("{FAE04EC0-301F-11D3-BF4B-00C04F79EFBC}") = "Api", "Api\Api.csproj", "{D2F9CD87-F911-4153-AB47-613EAC5AC0FA}"
EndProject
Project("{FAE04EC0-301F-11D3-BF4B-00C04F79EFBC}") = "Contracts", "Contracts\Contracts.csproj", "{99A519FA-412A-4549-BECA-47E31A901304}"
EndProject
Project("{FAE04EC0-301F-11D3-BF4B-00C04F79EFBC}") = "Infrastructure", "Infrastructure\Infrastructure.csproj", "{C5486639-1725-4E35-A825-7213FD4F1517}"
EndProject
Project("{FAE04EC0-301F-11D3-BF4B-00C04F79EFBC}") = "Domain", "Domain\Domain.csproj", "{7900DC7A-015C-44D7-89B7-B4B6572C6959}"
EndProject
Project("{FAE04EC0-301F-11D3-BF4B-00C04F79EFBC}") = "Application", "Application\Application.csproj", "{34A232BB-4533-46EC-8F87-E22C56592A64}"
EndProject
Global
	GlobalSection(SolutionConfigurationPlatforms) = preSolution
		Debug|Any CPU = Debug|Any CPU
		Release|Any CPU = Release|Any CPU
	EndGlobalSection
	GlobalSection(ProjectConfigurationPlatforms) = postSolution
		{D2F9CD87-F911-4153-AB47-613EAC5AC0FA}.Debug|Any CPU.ActiveCfg = Debug|Any CPU
		{D2F9CD87-F911-4153-AB47-613EAC5AC0FA}.Debug|Any CPU.Build.0 = Debug|Any CPU
		{D2F9CD87-F911-4153-AB47-613EAC5AC0FA}.Release|Any CPU.ActiveCfg = Release|Any CPU
		{D2F9CD87-F911-4153-AB47-613EAC5AC0FA}.Release|Any CPU.Build.0 = Release|Any CPU
		{99A519FA-412A-4549-BECA-47E31A901304}.Debug|Any CPU.ActiveCfg = Debug|Any CPU
		{99A519FA-412A-4549-BECA-47E31A901304}.Debug|Any CPU.Build.0 = Debug|Any CPU
		{99A519FA-412A-4549-BECA-47E31A901304}.Release|Any CPU.ActiveCfg = Release|Any CPU
		{99A519FA-412A-4549-BECA-47E31A901304}.Release|Any CPU.Build.0 = Release|Any CPU
		{C5486639-1725-4E35-A825-7213FD4F1517}.Debug|Any CPU.ActiveCfg = Debug|Any CPU
		{C5486639-1725-4E35-A825-7213FD4F1517}.Debug|Any CPU.Build.0 = Debug|Any CPU
		{C5486639-1725-4E35-A825-7213FD4F1517}.Release|Any CPU.ActiveCfg = Release|Any CPU
		{C5486639-1725-4E35-A825-7213FD4F1517}.Release|Any CPU.Build.0 = Release|Any CPU
		{7900DC7A-015C-44D7-89B7-B4B6572C6959}.Debug|Any CPU.ActiveCfg = Debug|Any CPU
		{7900DC7A-015C-44D7-89B7-B4B6572C6959}.Debug|Any CPU.Build.0 = Debug|Any CPU
		{7900DC7A-015C-44D7-89B7-B4B6572C6959}.Release|Any CPU.ActiveCfg = Release|Any CPU
		{7900DC7A-015C-44D7-89B7-B4B6572C6959}.Release|Any CPU.Build.0 = Release|Any CPU
		{34A232BB-4533-46EC-8F87-E22C56592A64}.Debug|Any CPU.ActiveCfg = Debug|Any CPU
		{34A232BB-4533-46EC-8F87-E22C56592A64}.Debug|Any CPU.Build.0 = Debug|Any CPU
		{34A232BB-4533-46EC-8F87-E22C56592A64}.Release|Any CPU.ActiveCfg = Release|Any CPU
		{34A232BB-4533-46EC-8F87-E22C56592A64}.Release|Any CPU.Build.0 = Release|Any CPU
	EndGlobalSection
	GlobalSection(SolutionProperties) = preSolution
		HideSolutionNode = FALSE
	EndGlobalSection
	GlobalSection(ExtensibilityGlobals) = postSolution
		SolutionGuid = {B2883C9E-F305-458F-858B-A237AC41FFEF}
	EndGlobalSection
EndGlobal
